
Microsoft Visual Studio Solution File, Format Version 12.00
# Visual Studio Version 17
VisualStudioVersion = 17.5.002.0
MinimumVisualStudioVersion = 10.0.40219.1
Project("{9A19103F-16F7-4668-BE54-9A1E7A4F7556}") = "catalog", "catalog.csproj", "{CCAFF0B7-71C5-454B-8582-FBE6A0144DCB}"
EndProject
Global
	GlobalSection(SolutionConfigurationPlatforms) = preSolution
		Debug|Any CPU = Debug|Any CPU
		Release|Any CPU = Release|Any CPU
	EndGlobalSection
	GlobalSection(ProjectConfigurationPlatforms) = postSolution
		{CCAFF0B7-71C5-454B-8582-FBE6A0144DCB}.Debug|Any CPU.ActiveCfg = Debug|Any CPU
		{CCAFF0B7-71C5-454B-8582-FBE6A0144DCB}.Debug|Any CPU.Build.0 = Debug|Any CPU
		{CCAFF0B7-71C5-454B-8582-FBE6A0144DCB}.Release|Any CPU.ActiveCfg = Release|Any CPU
		{CCAFF0B7-71C5-454B-8582-FBE6A0144DCB}.Release|Any CPU.Build.0 = Release|Any CPU
	EndGlobalSection
	GlobalSection(SolutionProperties) = preSolution
		HideSolutionNode = FALSE
	EndGlobalSection
	GlobalSection(ExtensibilityGlobals) = postSolution
		SolutionGuid = {2B52068A-5505-4E41-B0FC-41D3C6752B82}
	EndGlobalSection
EndGlobal
